// !$*UTF8*$!
{
	archiveVersion = 1;
	classes = {
	};
	objectVersion = 39;
	objects = {
		089C165FFE840EACC02AAC07 = {
			children = (
				089C1660FE840EACC02AAC07,
			);
			isa = PBXVariantGroup;
			name = InfoPlist.strings;
			refType = 4;
			sourceTree = "<group>";
		};
		089C1660FE840EACC02AAC07 = {
			fileEncoding = 10;
			isa = PBXFileReference;
			lastKnownFileType = text.plist.strings;
			name = English;
			path = English.lproj/InfoPlist.strings;
			refType = 4;
			sourceTree = "<group>";
		};
//080
//081
//082
//083
//084
//100
//101
//102
//103
//104
		1058C7A6FEA54F5311CA2CBB = {
			children = (
				3F8D5963076D704000462056,
				3FD4CB1D0827B4A300D8C691,
				1058C7A7FEA54F5311CA2CBB,
			);
			isa = PBXGroup;
			name = "Linked Frameworks";
			refType = 4;
			sourceTree = "<group>";
		};
		1058C7A7FEA54F5311CA2CBB = {
			isa = PBXFileReference;
			lastKnownFileType = wrapper.framework;
			name = Cocoa.framework;
			path = /System/Library/Frameworks/Cocoa.framework;
			refType = 0;
			sourceTree = "<absolute>";
		};
		1058C7A8FEA54F5311CA2CBB = {
			children = (
				2A37F4C5FDCFA73011CA2CEA,
				2A37F4C4FDCFA73011CA2CEA,
			);
			isa = PBXGroup;
			name = "Other Frameworks";
			refType = 4;
			sourceTree = "<group>";
		};
//100
//101
//102
//103
//104
//190
//191
//192
//193
//194
		19C28FB0FE9D524F11CA2CBB = {
			children = (
				8D15AC370486D014006FF6A4,
			);
			isa = PBXGroup;
			name = Products;
			refType = 4;
			sourceTree = "<group>";
		};
//190
//191
//192
//193
//194
//2A0
//2A1
//2A2
//2A3
//2A4
		2A37F4A9FDCFA73011CA2CEA = {
			buildSettings = {
			};
			buildStyles = (
				4A9504D0FFE6A4CB11CA0CBA,
				4A9504D1FFE6A4CB11CA0CBA,
			);
			hasScannedForEncodings = 1;
			isa = PBXProject;
			mainGroup = 2A37F4AAFDCFA73011CA2CEA;
			projectDirPath = "";
			targets = (
				8D15AC270486D014006FF6A4,
			);
		};
		2A37F4AAFDCFA73011CA2CEA = {
			children = (
				2A37F4ABFDCFA73011CA2CEA,
				2A37F4AFFDCFA73011CA2CEA,
				3FEF72F8082595B40046E5D3,
				2A37F4B8FDCFA73011CA2CEA,
				2A37F4C3FDCFA73011CA2CEA,
				19C28FB0FE9D524F11CA2CBB,
			);
			isa = PBXGroup;
			name = "Web Timer";
			path = "";
			refType = 4;
			sourceTree = "<group>";
		};
		2A37F4ABFDCFA73011CA2CEA = {
			children = (
				3F7773250785156700378E26,
				3F965DBD0798C0CB009E5B5F,
				3F965D3D0797836F009E5B5F,
				3F3605AE090C987A00A8A055,
				3F7773220785154F00378E26,
				3F7772D60784B51A00378E26,
				3F8ED1A3090C1E5F006263B8,
				3FF4C11B07CAE41C00CD8DAB,
			);
			isa = PBXGroup;
			name = Classes;
			path = "";
			refType = 4;
			sourceTree = "<group>";
		};
		2A37F4AFFDCFA73011CA2CEA = {
			children = (
				32DBCF750370BD2300C91783,
				2A37F4B0FDCFA73011CA2CEA,
			);
			isa = PBXGroup;
			name = "Other Sources";
			path = "";
			refType = 4;
			sourceTree = "<group>";
		};
		2A37F4B0FDCFA73011CA2CEA = {
			fileEncoding = 4;
			isa = PBXFileReference;
			lastKnownFileType = sourcecode.c.objc;
			path = main.m;
			refType = 4;
			sourceTree = "<group>";
		};
		2A37F4B4FDCFA73011CA2CEA = {
			children = (
				2A37F4B5FDCFA73011CA2CEA,
			);
			isa = PBXVariantGroup;
			name = TKWebDocument.nib;
			path = "";
			refType = 4;
			sourceTree = "<group>";
		};
		2A37F4B5FDCFA73011CA2CEA = {
			isa = PBXFileReference;
			lastKnownFileType = wrapper.nib;
			name = English;
			path = English.lproj/TKWebDocument.nib;
			refType = 4;
			sourceTree = "<group>";
		};
		2A37F4B6FDCFA73011CA2CEA = {
			children = (
				2A37F4B7FDCFA73011CA2CEA,
			);
			isa = PBXVariantGroup;
			name = MainMenu.nib;
			path = "";
			refType = 4;
			sourceTree = "<group>";
		};
		2A37F4B7FDCFA73011CA2CEA = {
			isa = PBXFileReference;
			lastKnownFileType = wrapper.nib;
			name = English;
			path = English.lproj/MainMenu.nib;
			refType = 4;
			sourceTree = "<group>";
		};
		2A37F4B8FDCFA73011CA2CEA = {
			children = (
				3FA5BC8207AB667000DB855A,
				2A37F4B9FDCFA73011CA2CEA,
				2A37F4B6FDCFA73011CA2CEA,
				2A37F4B4FDCFA73011CA2CEA,
				8D15AC360486D014006FF6A4,
				089C165FFE840EACC02AAC07,
			);
			isa = PBXGroup;
			name = Resources;
			path = "";
			refType = 4;
			sourceTree = "<group>";
		};
		2A37F4B9FDCFA73011CA2CEA = {
			children = (
				2A37F4BAFDCFA73011CA2CEA,
			);
			isa = PBXVariantGroup;
			name = Credits.rtf;
			path = "";
			refType = 4;
			sourceTree = "<group>";
		};
		2A37F4BAFDCFA73011CA2CEA = {
			isa = PBXFileReference;
			lastKnownFileType = text.rtf;
			name = English;
			path = English.lproj/Credits.rtf;
			refType = 4;
			sourceTree = "<group>";
		};
		2A37F4C3FDCFA73011CA2CEA = {
			children = (
				1058C7A6FEA54F5311CA2CBB,
				1058C7A8FEA54F5311CA2CBB,
			);
			isa = PBXGroup;
			name = Frameworks;
			path = "";
			refType = 4;
			sourceTree = "<group>";
		};
		2A37F4C4FDCFA73011CA2CEA = {
			isa = PBXFileReference;
			lastKnownFileType = wrapper.framework;
			name = AppKit.framework;
			path = /System/Library/Frameworks/AppKit.framework;
			refType = 0;
			sourceTree = "<absolute>";
		};
		2A37F4C5FDCFA73011CA2CEA = {
			isa = PBXFileReference;
			lastKnownFileType = wrapper.framework;
			name = Foundation.framework;
			path = /System/Library/Frameworks/Foundation.framework;
			refType = 0;
			sourceTree = "<absolute>";
		};
//2A0
//2A1
//2A2
//2A3
//2A4
//320
//321
//322
//323
//324
		32DBCF750370BD2300C91783 = {
			fileEncoding = 4;
			isa = PBXFileReference;
			lastKnownFileType = sourcecode.c.h;
			path = "Web Tool Kit_Prefix.pch";
			refType = 4;
			sourceTree = "<group>";
		};
//320
//321
//322
//323
//324
//3F0
//3F1
//3F2
//3F3
//3F4
		3F2D916E0827B76D006CE390 = {
			buildActionMask = 2147483647;
			dstPath = "";
			dstSubfolderSpec = 10;
			files = (
				3F2D91F90827B96E006CE390,
				3F8ED1A4090C1E5F006263B8,
				3F3605AF090C987A00A8A055,
			);
			isa = PBXCopyFilesBuildPhase;
			runOnlyForDeploymentPostprocessing = 0;
		};
		3F2D91F90827B96E006CE390 = {
			fileRef = 3FD4CB1D0827B4A300D8C691;
			isa = PBXBuildFile;
			settings = {
			};
		};
		3F3605AD090C987A00A8A055 = {
			fileEncoding = 4;
			isa = PBXFileReference;
			lastKnownFileType = sourcecode.c.h;
			path = ReplayEvent.h;
			refType = 4;
			sourceTree = "<group>";
		};
		3F3605AE090C987A00A8A055 = {
			fileEncoding = 4;
			isa = PBXFileReference;
			lastKnownFileType = sourcecode.c.objc;
			path = ReplayEvent.m;
			refType = 4;
			sourceTree = "<group>";
		};
		3F3605AF090C987A00A8A055 = {
			fileRef = 3F3605AD090C987A00A8A055;
			isa = PBXBuildFile;
			settings = {
			};
		};
		3F3605B0090C987A00A8A055 = {
			fileRef = 3F3605AE090C987A00A8A055;
			isa = PBXBuildFile;
			settings = {
			};
		};
		3F7772D50784B51900378E26 = {
			fileEncoding = 4;
			isa = PBXFileReference;
			lastKnownFileType = sourcecode.c.h;
			path = TKWebDocument.h;
			refType = 4;
			sourceTree = "<group>";
		};
		3F7772D60784B51A00378E26 = {
			fileEncoding = 4;
			isa = PBXFileReference;
			lastKnownFileType = sourcecode.c.objc;
			path = TKWebDocument.m;
			refType = 4;
			sourceTree = "<group>";
		};
		3F7772D70784B51A00378E26 = {
			fileRef = 3F7772D50784B51900378E26;
			isa = PBXBuildFile;
			settings = {
			};
		};
		3F7772D80784B51A00378E26 = {
			fileRef = 3F7772D60784B51A00378E26;
			isa = PBXBuildFile;
			settings = {
			};
		};
		3F7773210785154F00378E26 = {
			fileEncoding = 4;
			isa = PBXFileReference;
			lastKnownFileType = sourcecode.c.h;
			path = ResourceEvent.h;
			refType = 4;
			sourceTree = "<group>";
		};
		3F7773220785154F00378E26 = {
			fileEncoding = 4;
			isa = PBXFileReference;
			lastKnownFileType = sourcecode.c.objc;
			path = ResourceEvent.m;
			refType = 4;
			sourceTree = "<group>";
		};
		3F7773230785154F00378E26 = {
			fileRef = 3F7773210785154F00378E26;
			isa = PBXBuildFile;
			settings = {
			};
		};
		3F7773240785154F00378E26 = {
			fileRef = 3F7773220785154F00378E26;
			isa = PBXBuildFile;
			settings = {
			};
		};
		3F7773250785156700378E26 = {
			children = (
				3F965DBC0798C0CB009E5B5F,
				3F965D3C0797836F009E5B5F,
				3F3605AD090C987A00A8A055,
				3F7773210785154F00378E26,
				3F7772D50784B51900378E26,
				3F8ED1A2090C1E5F006263B8,
			);
			isa = PBXGroup;
			name = Headers;
			refType = 4;
			sourceTree = "<group>";
		};
		3F8D5963076D704000462056 = {
			isa = PBXFileReference;
			lastKnownFileType = wrapper.framework;
			name = WebKit.framework;
			path = /System/Library/Frameworks/WebKit.framework;
			refType = 0;
			sourceTree = "<absolute>";
		};
		3F8D5964076D704000462056 = {
			fileRef = 3F8D5963076D704000462056;
			isa = PBXBuildFile;
			settings = {
			};
		};
		3F8ED1A2090C1E5F006263B8 = {
			fileEncoding = 4;
			isa = PBXFileReference;
			lastKnownFileType = sourcecode.c.h;
			path = TKReplayController.h;
			refType = 4;
			sourceTree = "<group>";
		};
		3F8ED1A3090C1E5F006263B8 = {
			fileEncoding = 4;
			isa = PBXFileReference;
			lastKnownFileType = sourcecode.c.objc;
			path = TKReplayController.m;
			refType = 4;
			sourceTree = "<group>";
		};
		3F8ED1A4090C1E5F006263B8 = {
			fileRef = 3F8ED1A2090C1E5F006263B8;
			isa = PBXBuildFile;
			settings = {
			};
		};
		3F8ED1A5090C1EF0006263B8 = {
			fileRef = 3F8ED1A3090C1E5F006263B8;
			isa = PBXBuildFile;
			settings = {
			};
		};
		3F965D3C0797836F009E5B5F = {
			fileEncoding = 4;
			isa = PBXFileReference;
			lastKnownFileType = sourcecode.c.h;
			path = GraphController.h;
			refType = 4;
			sourceTree = "<group>";
		};
		3F965D3D0797836F009E5B5F = {
			fileEncoding = 4;
			isa = PBXFileReference;
			lastKnownFileType = sourcecode.c.objc;
			path = GraphController.m;
			refType = 4;
			sourceTree = "<group>";
		};
		3F965D3E0797836F009E5B5F = {
			fileRef = 3F965D3C0797836F009E5B5F;
			isa = PBXBuildFile;
			settings = {
			};
		};
		3F965D3F0797836F009E5B5F = {
			fileRef = 3F965D3D0797836F009E5B5F;
			isa = PBXBuildFile;
			settings = {
			};
		};
		3F965DBC0798C0CB009E5B5F = {
			fileEncoding = 30;
			isa = PBXFileReference;
			lastKnownFileType = sourcecode.c.h;
			path = DataSet.h;
			refType = 4;
			sourceTree = "<group>";
		};
		3F965DBD0798C0CB009E5B5F = {
			fileEncoding = 30;
			isa = PBXFileReference;
			lastKnownFileType = sourcecode.c.objc;
			path = DataSet.m;
			refType = 4;
			sourceTree = "<group>";
		};
		3F965DBE0798C0CB009E5B5F = {
			fileRef = 3F965DBC0798C0CB009E5B5F;
			isa = PBXBuildFile;
			settings = {
			};
		};
		3F965DBF0798C0CB009E5B5F = {
			fileRef = 3F965DBD0798C0CB009E5B5F;
			isa = PBXBuildFile;
			settings = {
			};
		};
		3FA5BC8207AB667000DB855A = {
			isa = PBXFileReference;
			lastKnownFileType = image.icns;
			path = WebTools.icns;
			refType = 4;
			sourceTree = "<group>";
		};
		3FA5BC8307AB667000DB855A = {
			fileRef = 3FA5BC8207AB667000DB855A;
			isa = PBXBuildFile;
			settings = {
			};
		};
		3FD4CB1D0827B4A300D8C691 = {
			explicitFileType = wrapper.framework;
			isa = PBXFileReference;
			name = SM2DGraphView.framework;
			path = "../3rd Party/SM2DGraphView/SM2DGraphView.framework";
			refType = 3;
			sourceTree = BUILT_PRODUCTS_DIR;
		};
		3FD4CB1E0827B4A300D8C691 = {
			fileRef = 3FD4CB1D0827B4A300D8C691;
			isa = PBXBuildFile;
			settings = {
			};
		};
		3FEF72F8082595B40046E5D3 = {
			children = (
				3FEF72F9082595B40046E5D3,
				3FEF72FA082595B40046E5D3,
			);
			isa = PBXGroup;
			path = Documentation;
			refType = 4;
			sourceTree = "<group>";
		};
		3FEF72F9082595B40046E5D3 = {
			fileEncoding = 30;
			isa = PBXFileReference;
			lastKnownFileType = text;
			path = GPL.txt;
			refType = 4;
			sourceTree = "<group>";
		};
		3FEF72FA082595B40046E5D3 = {
			isa = PBXFileReference;
			lastKnownFileType = text.rtf;
			path = "Release Notes.rtf";
			refType = 4;
			sourceTree = "<group>";
		};
		3FEF72FB082595B40046E5D3 = {
			fileRef = 3FEF72F9082595B40046E5D3;
			isa = PBXBuildFile;
			settings = {
			};
		};
		3FEF72FC082595B40046E5D3 = {
			fileRef = 3FEF72FA082595B40046E5D3;
			isa = PBXBuildFile;
			settings = {
			};
		};
		3FF4C11B07CAE41C00CD8DAB = {
			fileEncoding = 4;
			isa = PBXFileReference;
			lastKnownFileType = sourcecode.c.objc;
			path = "NSURLRequest-Category.m";
			refType = 4;
			sourceTree = "<group>";
		};
		3FF4C11C07CAE41C00CD8DAB = {
			fileRef = 3FF4C11B07CAE41C00CD8DAB;
			isa = PBXBuildFile;
			settings = {
			};
		};
//3F0
//3F1
//3F2
//3F3
//3F4
//4A0
//4A1
//4A2
//4A3
//4A4
		4A9504D0FFE6A4CB11CA0CBA = {
			buildSettings = {
				COPY_PHASE_STRIP = NO;
				GCC_DYNAMIC_NO_PIC = NO;
				GCC_ENABLE_FIX_AND_CONTINUE = YES;
				GCC_GENERATE_DEBUGGING_SYMBOLS = YES;
				GCC_OPTIMIZATION_LEVEL = 0;
				ZERO_LINK = YES;
			};
			isa = PBXBuildStyle;
			name = Development;
		};
		4A9504D1FFE6A4CB11CA0CBA = {
			buildSettings = {
				COPY_PHASE_STRIP = YES;
				GCC_ENABLE_FIX_AND_CONTINUE = NO;
				ZERO_LINK = NO;
			};
			isa = PBXBuildStyle;
			name = Deployment;
		};
//4A0
//4A1
//4A2
//4A3
//4A4
//8D0
//8D1
//8D2
//8D3
//8D4
		8D15AC270486D014006FF6A4 = {
			buildPhases = (
				8D15AC2B0486D014006FF6A4,
				8D15AC300486D014006FF6A4,
				8D15AC330486D014006FF6A4,
				3F2D916E0827B76D006CE390,
			);
			buildRules = (
			);
			buildSettings = {
				GCC_GENERATE_DEBUGGING_SYMBOLS = NO;
				GCC_PRECOMPILE_PREFIX_HEADER = YES;
				GCC_PREFIX_HEADER = "Web Tool Kit_Prefix.pch";
				INFOPLIST_FILE = Info.plist;
				INSTALL_PATH = "$(HOME)/Applications";
				PRODUCT_NAME = "Web Tool Kit";
				WRAPPER_EXTENSION = app;
			};
			dependencies = (
			);
			isa = PBXNativeTarget;
			name = "Web Tool Kit";
			productInstallPath = "$(HOME)/Applications";
			productName = "Web Timer";
			productReference = 8D15AC370486D014006FF6A4;
			productType = "com.apple.product-type.application";
		};
		8D15AC2B0486D014006FF6A4 = {
			buildActionMask = 2147483647;
			files = (
				8D15AC2C0486D014006FF6A4,
				8D15AC2D0486D014006FF6A4,
				8D15AC2E0486D014006FF6A4,
				8D15AC2F0486D014006FF6A4,
				3F7772D70784B51A00378E26,
				3F7773230785154F00378E26,
				3F965D3E0797836F009E5B5F,
				3F965DBE0798C0CB009E5B5F,
				3FA5BC8307AB667000DB855A,
				3FEF72FB082595B40046E5D3,
				3FEF72FC082595B40046E5D3,
			);
			isa = PBXResourcesBuildPhase;
			runOnlyForDeploymentPostprocessing = 0;
		};
		8D15AC2C0486D014006FF6A4 = {
			fileRef = 2A37F4B9FDCFA73011CA2CEA;
			isa = PBXBuildFile;
			settings = {
			};
		};
		8D15AC2D0486D014006FF6A4 = {
			fileRef = 2A37F4B6FDCFA73011CA2CEA;
			isa = PBXBuildFile;
			settings = {
			};
		};
		8D15AC2E0486D014006FF6A4 = {
			fileRef = 2A37F4B4FDCFA73011CA2CEA;
			isa = PBXBuildFile;
			settings = {
			};
		};
		8D15AC2F0486D014006FF6A4 = {
			fileRef = 089C165FFE840EACC02AAC07;
			isa = PBXBuildFile;
			settings = {
			};
		};
		8D15AC300486D014006FF6A4 = {
			buildActionMask = 2147483647;
			files = (
				8D15AC320486D014006FF6A4,
				3F7772D80784B51A00378E26,
				3F7773240785154F00378E26,
				3F965D3F0797836F009E5B5F,
				3F965DBF0798C0CB009E5B5F,
				3FF4C11C07CAE41C00CD8DAB,
				3F8ED1A5090C1EF0006263B8,
				3F3605B0090C987A00A8A055,
			);
			isa = PBXSourcesBuildPhase;
			runOnlyForDeploymentPostprocessing = 0;
		};
		8D15AC320486D014006FF6A4 = {
			fileRef = 2A37F4B0FDCFA73011CA2CEA;
			isa = PBXBuildFile;
			settings = {
				ATTRIBUTES = (
				);
			};
		};
		8D15AC330486D014006FF6A4 = {
			buildActionMask = 2147483647;
			files = (
				3FD4CB1E0827B4A300D8C691,
				8D15AC340486D014006FF6A4,
				3F8D5964076D704000462056,
			);
			isa = PBXFrameworksBuildPhase;
			runOnlyForDeploymentPostprocessing = 0;
		};
		8D15AC340486D014006FF6A4 = {
			fileRef = 1058C7A7FEA54F5311CA2CBB;
			isa = PBXBuildFile;
			settings = {
			};
		};
		8D15AC360486D014006FF6A4 = {
			fileEncoding = 4;
			isa = PBXFileReference;
			lastKnownFileType = text.plist;
			path = Info.plist;
			refType = 4;
			sourceTree = "<group>";
		};
		8D15AC370486D014006FF6A4 = {
			explicitFileType = wrapper.application;
			includeInIndex = 0;
			isa = PBXFileReference;
			path = "Web Tool Kit.app";
			refType = 3;
			sourceTree = BUILT_PRODUCTS_DIR;
		};
	};
	rootObject = 2A37F4A9FDCFA73011CA2CEA;
}
