// !$*UTF8*$!
{
	archiveVersion = 1;
	classes = {
	};
	objectVersion = 42;
	objects = {

/* Begin PBXBuildFile section */
		3F3605B0090C987A00A8A055 /* ReplayEvent.m in Sources */ = {isa = PBXBuildFile; fileRef = 3F3605AE090C987A00A8A055 /* ReplayEvent.m */; };
		3F7772D70784B51A00378E26 /* TKWebDocument.h in Resources */ = {isa = PBXBuildFile; fileRef = 3F7772D50784B51900378E26 /* TKWebDocument.h */; };
		3F7772D80784B51A00378E26 /* TKWebDocument.m in Sources */ = {isa = PBXBuildFile; fileRef = 3F7772D60784B51A00378E26 /* TKWebDocument.m */; };
		3F7773230785154F00378E26 /* ResourceEvent.h in Resources */ = {isa = PBXBuildFile; fileRef = 3F7773210785154F00378E26 /* ResourceEvent.h */; };
		3F7773240785154F00378E26 /* ResourceEvent.m in Sources */ = {isa = PBXBuildFile; fileRef = 3F7773220785154F00378E26 /* ResourceEvent.m */; };
		3F8D5964076D704000462056 /* WebKit.framework in Frameworks */ = {isa = PBXBuildFile; fileRef = 3F8D5963076D704000462056 /* WebKit.framework */; };
		3F8ED1A5090C1EF0006263B8 /* TKReplayController.m in Sources */ = {isa = PBXBuildFile; fileRef = 3F8ED1A3090C1E5F006263B8 /* TKReplayController.m */; };
		3F965DBE0798C0CB009E5B5F /* DataSet.h in Resources */ = {isa = PBXBuildFile; fileRef = 3F965DBC0798C0CB009E5B5F /* DataSet.h */; };
		3F965DBF0798C0CB009E5B5F /* DataSet.m in Sources */ = {isa = PBXBuildFile; fileRef = 3F965DBD0798C0CB009E5B5F /* DataSet.m */; };
		3FA5BC8307AB667000DB855A /* WebTools.icns in Resources */ = {isa = PBXBuildFile; fileRef = 3FA5BC8207AB667000DB855A /* WebTools.icns */; };
		3FEF72FB082595B40046E5D3 /* GPL.txt in Resources */ = {isa = PBXBuildFile; fileRef = 3FEF72F9082595B40046E5D3 /* GPL.txt */; };
		3FEF72FC082595B40046E5D3 /* Release Notes.rtf in Resources */ = {isa = PBXBuildFile; fileRef = 3FEF72FA082595B40046E5D3 /* Release Notes.rtf */; };
		3FF4C11C07CAE41C00CD8DAB /* NSURLRequest-Category.m in Sources */ = {isa = PBXBuildFile; fileRef = 3FF4C11B07CAE41C00CD8DAB /* NSURLRequest-Category.m */; };
		8D15AC2C0486D014006FF6A4 /* Credits.rtf in Resources */ = {isa = PBXBuildFile; fileRef = 2A37F4B9FDCFA73011CA2CEA /* Credits.rtf */; };
		8D15AC2D0486D014006FF6A4 /* MainMenu.nib in Resources */ = {isa = PBXBuildFile; fileRef = 2A37F4B6FDCFA73011CA2CEA /* MainMenu.nib */; };
		8D15AC2E0486D014006FF6A4 /* TKWebDocument.nib in Resources */ = {isa = PBXBuildFile; fileRef = 2A37F4B4FDCFA73011CA2CEA /* TKWebDocument.nib */; };
		8D15AC2F0486D014006FF6A4 /* InfoPlist.strings in Resources */ = {isa = PBXBuildFile; fileRef = 089C165FFE840EACC02AAC07 /* InfoPlist.strings */; };
		8D15AC320486D014006FF6A4 /* main.m in Sources */ = {isa = PBXBuildFile; fileRef = 2A37F4B0FDCFA73011CA2CEA /* main.m */; settings = {ATTRIBUTES = (); }; };
		8D15AC340486D014006FF6A4 /* Cocoa.framework in Frameworks */ = {isa = PBXBuildFile; fileRef = 1058C7A7FEA54F5311CA2CBB /* Cocoa.framework */; };
/* End PBXBuildFile section */

/* Begin PBXFileReference section */
		089C1660FE840EACC02AAC07 /* English */ = {isa = PBXFileReference; fileEncoding = 10; lastKnownFileType = text.plist.strings; name = English; path = English.lproj/InfoPlist.strings; sourceTree = "<group>"; };
		1058C7A7FEA54F5311CA2CBB /* Cocoa.framework */ = {isa = PBXFileReference; lastKnownFileType = wrapper.framework; name = Cocoa.framework; path = /System/Library/Frameworks/Cocoa.framework; sourceTree = "<absolute>"; };
		2A37F4B0FDCFA73011CA2CEA /* main.m */ = {isa = PBXFileReference; fileEncoding = 4; lastKnownFileType = sourcecode.c.objc; path = main.m; sourceTree = "<group>"; };
		2A37F4B5FDCFA73011CA2CEA /* English */ = {isa = PBXFileReference; lastKnownFileType = wrapper.nib; name = English; path = English.lproj/TKWebDocument.nib; sourceTree = "<group>"; };
		2A37F4B7FDCFA73011CA2CEA /* English */ = {isa = PBXFileReference; lastKnownFileType = wrapper.nib; name = English; path = English.lproj/MainMenu.nib; sourceTree = "<group>"; };
		2A37F4BAFDCFA73011CA2CEA /* English */ = {isa = PBXFileReference; lastKnownFileType = text.rtf; name = English; path = English.lproj/Credits.rtf; sourceTree = "<group>"; };
		2A37F4C4FDCFA73011CA2CEA /* AppKit.framework */ = {isa = PBXFileReference; lastKnownFileType = wrapper.framework; name = AppKit.framework; path = /System/Library/Frameworks/AppKit.framework; sourceTree = "<absolute>"; };
		2A37F4C5FDCFA73011CA2CEA /* Foundation.framework */ = {isa = PBXFileReference; lastKnownFileType = wrapper.framework; name = Foundation.framework; path = /System/Library/Frameworks/Foundation.framework; sourceTree = "<absolute>"; };
		32DBCF750370BD2300C91783 /* Web Tool Kit_Prefix.pch */ = {isa = PBXFileReference; fileEncoding = 4; lastKnownFileType = sourcecode.c.h; path = "Web Tool Kit_Prefix.pch"; sourceTree = "<group>"; };
		3F3605AD090C987A00A8A055 /* ReplayEvent.h */ = {isa = PBXFileReference; fileEncoding = 4; lastKnownFileType = sourcecode.c.h; path = ReplayEvent.h; sourceTree = "<group>"; };
		3F3605AE090C987A00A8A055 /* ReplayEvent.m */ = {isa = PBXFileReference; fileEncoding = 4; lastKnownFileType = sourcecode.c.objc; path = ReplayEvent.m; sourceTree = "<group>"; };
		3F7772D50784B51900378E26 /* TKWebDocument.h */ = {isa = PBXFileReference; fileEncoding = 4; lastKnownFileType = sourcecode.c.h; path = TKWebDocument.h; sourceTree = "<group>"; };
		3F7772D60784B51A00378E26 /* TKWebDocument.m */ = {isa = PBXFileReference; fileEncoding = 4; lastKnownFileType = sourcecode.c.objc; path = TKWebDocument.m; sourceTree = "<group>"; };
		3F7773210785154F00378E26 /* ResourceEvent.h */ = {isa = PBXFileReference; fileEncoding = 4; lastKnownFileType = sourcecode.c.h; path = ResourceEvent.h; sourceTree = "<group>"; };
		3F7773220785154F00378E26 /* ResourceEvent.m */ = {isa = PBXFileReference; fileEncoding = 4; lastKnownFileType = sourcecode.c.objc; path = ResourceEvent.m; sourceTree = "<group>"; };
		3F8D5963076D704000462056 /* WebKit.framework */ = {isa = PBXFileReference; lastKnownFileType = wrapper.framework; name = WebKit.framework; path = /System/Library/Frameworks/WebKit.framework; sourceTree = "<absolute>"; };
		3F8ED1A2090C1E5F006263B8 /* TKReplayController.h */ = {isa = PBXFileReference; fileEncoding = 4; lastKnownFileType = sourcecode.c.h; path = TKReplayController.h; sourceTree = "<group>"; };
		3F8ED1A3090C1E5F006263B8 /* TKReplayController.m */ = {isa = PBXFileReference; fileEncoding = 4; lastKnownFileType = sourcecode.c.objc; path = TKReplayController.m; sourceTree = "<group>"; };
		3F965DBC0798C0CB009E5B5F /* DataSet.h */ = {isa = PBXFileReference; fileEncoding = 30; lastKnownFileType = sourcecode.c.h; path = DataSet.h; sourceTree = "<group>"; };
		3F965DBD0798C0CB009E5B5F /* DataSet.m */ = {isa = PBXFileReference; fileEncoding = 30; lastKnownFileType = sourcecode.c.objc; path = DataSet.m; sourceTree = "<group>"; };
		3FA5BC8207AB667000DB855A /* WebTools.icns */ = {isa = PBXFileReference; lastKnownFileType = image.icns; path = WebTools.icns; sourceTree = "<group>"; };
		3FEF72F9082595B40046E5D3 /* GPL.txt */ = {isa = PBXFileReference; fileEncoding = 30; lastKnownFileType = text; path = GPL.txt; sourceTree = "<group>"; };
		3FEF72FA082595B40046E5D3 /* Release Notes.rtf */ = {isa = PBXFileReference; lastKnownFileType = text.rtf; path = "Release Notes.rtf"; sourceTree = "<group>"; };
		3FF4C11B07CAE41C00CD8DAB /* NSURLRequest-Category.m */ = {isa = PBXFileReference; fileEncoding = 4; lastKnownFileType = sourcecode.c.objc; path = "NSURLRequest-Category.m"; sourceTree = "<group>"; };
		8D15AC360486D014006FF6A4 /* Info.plist */ = {isa = PBXFileReference; fileEncoding = 4; lastKnownFileType = text.plist; path = Info.plist; sourceTree = "<group>"; };
		8D15AC370486D014006FF6A4 /* Web Tool Kit.app */ = {isa = PBXFileReference; explicitFileType = wrapper.application; includeInIndex = 0; path = "Web Tool Kit.app"; sourceTree = BUILT_PRODUCTS_DIR; };
/* End PBXFileReference section */

/* Begin PBXFrameworksBuildPhase section */
		8D15AC330486D014006FF6A4 /* Frameworks */ = {
			isa = PBXFrameworksBuildPhase;
			buildActionMask = 2147483647;
			files = (
				8D15AC340486D014006FF6A4 /* Cocoa.framework in Frameworks */,
				3F8D5964076D704000462056 /* WebKit.framework in Frameworks */,
			);
			runOnlyForDeploymentPostprocessing = 0;
		};
/* End PBXFrameworksBuildPhase section */

/* Begin PBXGroup section */
		1058C7A6FEA54F5311CA2CBB /* Linked Frameworks */ = {
			isa = PBXGroup;
			children = (
				3F8D5963076D704000462056 /* WebKit.framework */,
				1058C7A7FEA54F5311CA2CBB /* Cocoa.framework */,
			);
			name = "Linked Frameworks";
			sourceTree = "<group>";
		};
		1058C7A8FEA54F5311CA2CBB /* Other Frameworks */ = {
			isa = PBXGroup;
			children = (
				2A37F4C5FDCFA73011CA2CEA /* Foundation.framework */,
				2A37F4C4FDCFA73011CA2CEA /* AppKit.framework */,
			);
			name = "Other Frameworks";
			sourceTree = "<group>";
		};
		19C28FB0FE9D524F11CA2CBB /* Products */ = {
			isa = PBXGroup;
			children = (
				8D15AC370486D014006FF6A4 /* Web Tool Kit.app */,
			);
			name = Products;
			sourceTree = "<group>";
		};
		2A37F4AAFDCFA73011CA2CEA /* Web Timer */ = {
			isa = PBXGroup;
			children = (
				2A37F4ABFDCFA73011CA2CEA /* Classes */,
				2A37F4AFFDCFA73011CA2CEA /* Other Sources */,
				3FEF72F8082595B40046E5D3 /* Documentation */,
				2A37F4B8FDCFA73011CA2CEA /* Resources */,
				2A37F4C3FDCFA73011CA2CEA /* Frameworks */,
				19C28FB0FE9D524F11CA2CBB /* Products */,
			);
			name = "Web Timer";
			sourceTree = "<group>";
		};
		2A37F4ABFDCFA73011CA2CEA /* Classes */ = {
			isa = PBXGroup;
			children = (
				3F7773250785156700378E26 /* Headers */,
				3F965DBD0798C0CB009E5B5F /* DataSet.m */,
				3F3605AE090C987A00A8A055 /* ReplayEvent.m */,
				3F7773220785154F00378E26 /* ResourceEvent.m */,
				3F7772D60784B51A00378E26 /* TKWebDocument.m */,
				3F8ED1A3090C1E5F006263B8 /* TKReplayController.m */,
				3FF4C11B07CAE41C00CD8DAB /* NSURLRequest-Category.m */,
			);
			name = Classes;
			sourceTree = "<group>";
		};
		2A37F4AFFDCFA73011CA2CEA /* Other Sources */ = {
			isa = PBXGroup;
			children = (
				32DBCF750370BD2300C91783 /* Web Tool Kit_Prefix.pch */,
				2A37F4B0FDCFA73011CA2CEA /* main.m */,
			);
			name = "Other Sources";
			sourceTree = "<group>";
		};
		2A37F4B8FDCFA73011CA2CEA /* Resources */ = {
			isa = PBXGroup;
			children = (
				3FA5BC8207AB667000DB855A /* WebTools.icns */,
				2A37F4B9FDCFA73011CA2CEA /* Credits.rtf */,
				2A37F4B6FDCFA73011CA2CEA /* MainMenu.nib */,
				2A37F4B4FDCFA73011CA2CEA /* TKWebDocument.nib */,
				8D15AC360486D014006FF6A4 /* Info.plist */,
				089C165FFE840EACC02AAC07 /* InfoPlist.strings */,
			);
			name = Resources;
			sourceTree = "<group>";
		};
		2A37F4C3FDCFA73011CA2CEA /* Frameworks */ = {
			isa = PBXGroup;
			children = (
				1058C7A6FEA54F5311CA2CBB /* Linked Frameworks */,
				1058C7A8FEA54F5311CA2CBB /* Other Frameworks */,
			);
			name = Frameworks;
			sourceTree = "<group>";
		};
		3F7773250785156700378E26 /* Headers */ = {
			isa = PBXGroup;
			children = (
				3F965DBC0798C0CB009E5B5F /* DataSet.h */,
				3F3605AD090C987A00A8A055 /* ReplayEvent.h */,
				3F7773210785154F00378E26 /* ResourceEvent.h */,
				3F7772D50784B51900378E26 /* TKWebDocument.h */,
				3F8ED1A2090C1E5F006263B8 /* TKReplayController.h */,
			);
			name = Headers;
			sourceTree = "<group>";
		};
		3FEF72F8082595B40046E5D3 /* Documentation */ = {
			isa = PBXGroup;
			children = (
				3FEF72F9082595B40046E5D3 /* GPL.txt */,
				3FEF72FA082595B40046E5D3 /* Release Notes.rtf */,
			);
			path = Documentation;
			sourceTree = "<group>";
		};
/* End PBXGroup section */

/* Begin PBXNativeTarget section */
		8D15AC270486D014006FF6A4 /* Web Tool Kit */ = {
			isa = PBXNativeTarget;
			buildConfigurationList = CA2CF81A0D736996003BDB79 /* Build configuration list for PBXNativeTarget "Web Tool Kit" */;
			buildPhases = (
				8D15AC2B0486D014006FF6A4 /* Resources */,
				8D15AC300486D014006FF6A4 /* Sources */,
				8D15AC330486D014006FF6A4 /* Frameworks */,
			);
			buildRules = (
			);
			dependencies = (
			);
			name = "Web Tool Kit";
			productInstallPath = "$(HOME)/Applications";
			productName = "Web Timer";
			productReference = 8D15AC370486D014006FF6A4 /* Web Tool Kit.app */;
			productType = "com.apple.product-type.application";
		};
/* End PBXNativeTarget section */

/* Begin PBXProject section */
		2A37F4A9FDCFA73011CA2CEA /* Project object */ = {
			isa = PBXProject;
			buildConfigurationList = CA2CF81E0D736996003BDB79 /* Build configuration list for PBXProject "Web Tool Kit" */;
			hasScannedForEncodings = 1;
			mainGroup = 2A37F4AAFDCFA73011CA2CEA /* Web Timer */;
			projectDirPath = "";
			projectRoot = "";
			targets = (
				8D15AC270486D014006FF6A4 /* Web Tool Kit */,
			);
		};
/* End PBXProject section */

/* Begin PBXResourcesBuildPhase section */
		8D15AC2B0486D014006FF6A4 /* Resources */ = {
			isa = PBXResourcesBuildPhase;
			buildActionMask = 2147483647;
			files = (
				8D15AC2C0486D014006FF6A4 /* Credits.rtf in Resources */,
				8D15AC2D0486D014006FF6A4 /* MainMenu.nib in Resources */,
				8D15AC2E0486D014006FF6A4 /* TKWebDocument.nib in Resources */,
				8D15AC2F0486D014006FF6A4 /* InfoPlist.strings in Resources */,
				3F7772D70784B51A00378E26 /* TKWebDocument.h in Resources */,
				3F7773230785154F00378E26 /* ResourceEvent.h in Resources */,
				3F965DBE0798C0CB009E5B5F /* DataSet.h in Resources */,
				3FA5BC8307AB667000DB855A /* WebTools.icns in Resources */,
				3FEF72FB082595B40046E5D3 /* GPL.txt in Resources */,
				3FEF72FC082595B40046E5D3 /* Release Notes.rtf in Resources */,
			);
			runOnlyForDeploymentPostprocessing = 0;
		};
/* End PBXResourcesBuildPhase section */

/* Begin PBXSourcesBuildPhase section */
		8D15AC300486D014006FF6A4 /* Sources */ = {
			isa = PBXSourcesBuildPhase;
			buildActionMask = 2147483647;
			files = (
				8D15AC320486D014006FF6A4 /* main.m in Sources */,
				3F7772D80784B51A00378E26 /* TKWebDocument.m in Sources */,
				3F7773240785154F00378E26 /* ResourceEvent.m in Sources */,
				3F965DBF0798C0CB009E5B5F /* DataSet.m in Sources */,
				3FF4C11C07CAE41C00CD8DAB /* NSURLRequest-Category.m in Sources */,
				3F8ED1A5090C1EF0006263B8 /* TKReplayController.m in Sources */,
				3F3605B0090C987A00A8A055 /* ReplayEvent.m in Sources */,
			);
			runOnlyForDeploymentPostprocessing = 0;
		};
/* End PBXSourcesBuildPhase section */

/* Begin PBXVariantGroup section */
		089C165FFE840EACC02AAC07 /* InfoPlist.strings */ = {
			isa = PBXVariantGroup;
			children = (
				089C1660FE840EACC02AAC07 /* English */,
			);
			name = InfoPlist.strings;
			sourceTree = "<group>";
		};
		2A37F4B4FDCFA73011CA2CEA /* TKWebDocument.nib */ = {
			isa = PBXVariantGroup;
			children = (
				2A37F4B5FDCFA73011CA2CEA /* English */,
			);
			name = TKWebDocument.nib;
			sourceTree = "<group>";
		};
		2A37F4B6FDCFA73011CA2CEA /* MainMenu.nib */ = {
			isa = PBXVariantGroup;
			children = (
				2A37F4B7FDCFA73011CA2CEA /* English */,
			);
			name = MainMenu.nib;
			sourceTree = "<group>";
		};
		2A37F4B9FDCFA73011CA2CEA /* Credits.rtf */ = {
			isa = PBXVariantGroup;
			children = (
				2A37F4BAFDCFA73011CA2CEA /* English */,
			);
			name = Credits.rtf;
			sourceTree = "<group>";
		};
/* End PBXVariantGroup section */

/* Begin XCBuildConfiguration section */
		CA2CF81B0D736996003BDB79 /* Development */ = {
			isa = XCBuildConfiguration;
			buildSettings = {
				COPY_PHASE_STRIP = NO;
				FRAMEWORK_SEARCH_PATHS = "$(FRAMEWORK_SEARCH_PATHS_QUOTED_1)";
				FRAMEWORK_SEARCH_PATHS_QUOTED_1 = "~/Documents/Web\\ Tool\\ Kit";
				GCC_DYNAMIC_NO_PIC = NO;
				GCC_ENABLE_FIX_AND_CONTINUE = YES;
				GCC_GENERATE_DEBUGGING_SYMBOLS = YES;
				GCC_OPTIMIZATION_LEVEL = 0;
				GCC_PRECOMPILE_PREFIX_HEADER = YES;
				GCC_PREFIX_HEADER = "Web Tool Kit_Prefix.pch";
				INFOPLIST_FILE = Info.plist;
				INSTALL_PATH = "$(HOME)/Applications";
				LIBRARY_SEARCH_PATHS = "$(LIBRARY_SEARCH_PATHS_QUOTED_1)";
				LIBRARY_SEARCH_PATHS_QUOTED_1 = "~/Documents/Web\\ Tool\\ Kit";
				PRODUCT_NAME = "Web Tool Kit";
				USER_HEADER_SEARCH_PATHS = "~/Documents/Web\\ Tool\\ Kit";
				WRAPPER_EXTENSION = app;
				ZERO_LINK = YES;
			};
			name = Development;
		};
		CA2CF81C0D736996003BDB79 /* Deployment */ = {
			isa = XCBuildConfiguration;
			buildSettings = {
				COPY_PHASE_STRIP = YES;
				FRAMEWORK_SEARCH_PATHS = "$(FRAMEWORK_SEARCH_PATHS_QUOTED_1)";
				FRAMEWORK_SEARCH_PATHS_QUOTED_1 = "~/Documents/Web\\ Tool\\ Kit";
				GCC_ENABLE_FIX_AND_CONTINUE = NO;
				GCC_GENERATE_DEBUGGING_SYMBOLS = NO;
				GCC_PRECOMPILE_PREFIX_HEADER = YES;
				GCC_PREFIX_HEADER = "Web Tool Kit_Prefix.pch";
				INFOPLIST_FILE = Info.plist;
				INSTALL_PATH = "$(HOME)/Applications";
				LIBRARY_SEARCH_PATHS = "$(LIBRARY_SEARCH_PATHS_QUOTED_1)";
				LIBRARY_SEARCH_PATHS_QUOTED_1 = "~/Documents/Web\\ Tool\\ Kit";
				PRODUCT_NAME = "Web Tool Kit";
				USER_HEADER_SEARCH_PATHS = "~/Documents/Web\\ Tool\\ Kit";
				WRAPPER_EXTENSION = app;
				ZERO_LINK = NO;
			};
			name = Deployment;
		};
		CA2CF81D0D736996003BDB79 /* Default */ = {
			isa = XCBuildConfiguration;
			buildSettings = {
				FRAMEWORK_SEARCH_PATHS = "$(FRAMEWORK_SEARCH_PATHS_QUOTED_1)";
				FRAMEWORK_SEARCH_PATHS_QUOTED_1 = "~/Documents/Web\\ Tool\\ Kit";
				GCC_GENERATE_DEBUGGING_SYMBOLS = NO;
				GCC_PRECOMPILE_PREFIX_HEADER = YES;
				GCC_PREFIX_HEADER = "Web Tool Kit_Prefix.pch";
				INFOPLIST_FILE = Info.plist;
				INSTALL_PATH = "$(HOME)/Applications";
				LIBRARY_SEARCH_PATHS = "$(LIBRARY_SEARCH_PATHS_QUOTED_1)";
				LIBRARY_SEARCH_PATHS_QUOTED_1 = "~/Documents/Web\\ Tool\\ Kit";
				PRODUCT_NAME = "Web Tool Kit";
				USER_HEADER_SEARCH_PATHS = "~/Documents/Web\\ Tool\\ Kit";
				WRAPPER_EXTENSION = app;
			};
			name = Default;
		};
		CA2CF81F0D736996003BDB79 /* Development */ = {
			isa = XCBuildConfiguration;
			buildSettings = {
			};
			name = Development;
		};
		CA2CF8200D736996003BDB79 /* Deployment */ = {
			isa = XCBuildConfiguration;
			buildSettings = {
			};
			name = Deployment;
		};
		CA2CF8210D736996003BDB79 /* Default */ = {
			isa = XCBuildConfiguration;
			buildSettings = {
			};
			name = Default;
		};
/* End XCBuildConfiguration section */

/* Begin XCConfigurationList section */
		CA2CF81A0D736996003BDB79 /* Build configuration list for PBXNativeTarget "Web Tool Kit" */ = {
			isa = XCConfigurationList;
			buildConfigurations = (
				CA2CF81B0D736996003BDB79 /* Development */,
				CA2CF81C0D736996003BDB79 /* Deployment */,
				CA2CF81D0D736996003BDB79 /* Default */,
			);
			defaultConfigurationIsVisible = 0;
			defaultConfigurationName = Default;
		};
		CA2CF81E0D736996003BDB79 /* Build configuration list for PBXProject "Web Tool Kit" */ = {
			isa = XCConfigurationList;
			buildConfigurations = (
				CA2CF81F0D736996003BDB79 /* Development */,
				CA2CF8200D736996003BDB79 /* Deployment */,
				CA2CF8210D736996003BDB79 /* Default */,
			);
			defaultConfigurationIsVisible = 0;
			defaultConfigurationName = Default;
		};
/* End XCConfigurationList section */
	};
	rootObject = 2A37F4A9FDCFA73011CA2CEA /* Project object */;
}
